
Microsoft Visual Studio Solution File, Format Version 12.00
# Visual Studio Version 17
VisualStudioVersion = 17.8.34316.72
MinimumVisualStudioVersion = 10.0.40219.1
Project("{FAE04EC0-301F-11D3-BF4B-00C04F79EFBC}") = "P0006", "P0006\P0006.csproj", "{036CDE53-D4FE-4E5C-867A-A0805336CEB6}"
EndProject
Global
	GlobalSection(SolutionConfigurationPlatforms) = preSolution
		Debug|Any CPU = Debug|Any CPU
		Release|Any CPU = Release|Any CPU
	EndGlobalSection
	GlobalSection(ProjectConfigurationPlatforms) = postSolution
		{036CDE53-D4FE-4E5C-867A-A0805336CEB6}.Debug|Any CPU.ActiveCfg = Debug|Any CPU
		{036CDE53-D4FE-4E5C-867A-A0805336CEB6}.Debug|Any CPU.Build.0 = Debug|Any CPU
		{036CDE53-D4FE-4E5C-867A-A0805336CEB6}.Release|Any CPU.ActiveCfg = Release|Any CPU
		{036CDE53-D4FE-4E5C-867A-A0805336CEB6}.Release|Any CPU.Build.0 = Release|Any CPU
	EndGlobalSection
	GlobalSection(SolutionProperties) = preSolution
		HideSolutionNode = FALSE
	EndGlobalSection
	GlobalSection(ExtensibilityGlobals) = postSolution
		SolutionGuid = {982E7561-A7E6-413E-88A3-250273C938D0}
	EndGlobalSection
EndGlobal
