
Microsoft Visual Studio Solution File, Format Version 12.00
# Visual Studio Version 17
VisualStudioVersion = 17.8.34316.72
MinimumVisualStudioVersion = 10.0.40219.1
Project("{FAE04EC0-301F-11D3-BF4B-00C04F79EFBC}") = "P0010", "P0010\P0010.csproj", "{9CB5D27D-5D61-42EF-9A49-EE721DC02C7D}"
EndProject
Global
	GlobalSection(SolutionConfigurationPlatforms) = preSolution
		Debug|Any CPU = Debug|Any CPU
		Release|Any CPU = Release|Any CPU
	EndGlobalSection
	GlobalSection(ProjectConfigurationPlatforms) = postSolution
		{9CB5D27D-5D61-42EF-9A49-EE721DC02C7D}.Debug|Any CPU.ActiveCfg = Debug|Any CPU
		{9CB5D27D-5D61-42EF-9A49-EE721DC02C7D}.Debug|Any CPU.Build.0 = Debug|Any CPU
		{9CB5D27D-5D61-42EF-9A49-EE721DC02C7D}.Release|Any CPU.ActiveCfg = Release|Any CPU
		{9CB5D27D-5D61-42EF-9A49-EE721DC02C7D}.Release|Any CPU.Build.0 = Release|Any CPU
	EndGlobalSection
	GlobalSection(SolutionProperties) = preSolution
		HideSolutionNode = FALSE
	EndGlobalSection
	GlobalSection(ExtensibilityGlobals) = postSolution
		SolutionGuid = {12DFE318-00DB-44D8-940E-8189299DC44F}
	EndGlobalSection
EndGlobal
